// !$*UTF8*$!
{
	archiveVersion = 1;
	classes = {
	};
	objectVersion = 50;
	objects = {

/* Begin PBXBuildFile section */
		3FAA90A42092D0DB0099F734 /* AppDelegate.m in Sources */ = {isa = PBXBuildFile; fileRef = 3FAA90A32092D0DB0099F734 /* AppDelegate.m */; };
		3FAA90A72092D0DB0099F734 /* ViewController.m in Sources */ = {isa = PBXBuildFile; fileRef = 3FAA90A62092D0DB0099F734 /* ViewController.m */; };
		3FAA90AA2092D0DB0099F734 /* Main.storyboard in Resources */ = {isa = PBXBuildFile; fileRef = 3FAA90A82092D0DB0099F734 /* Main.storyboard */; };
		3FAA90AC2092D0DC0099F734 /* Assets.xcassets in Resources */ = {isa = PBXBuildFile; fileRef = 3FAA90AB2092D0DC0099F734 /* Assets.xcassets */; };
		3FAA90AF2092D0DC0099F734 /* LaunchScreen.storyboard in Resources */ = {isa = PBXBuildFile; fileRef = 3FAA90AD2092D0DC0099F734 /* LaunchScreen.storyboard */; };
		3FAA90B22092D0DC0099F734 /* main.m in Sources */ = {isa = PBXBuildFile; fileRef = 3FAA90B12092D0DC0099F734 /* main.m */; };
		3FAA90C4209311AE0099F734 /* UITableView+DequeueReusableCell.m in Sources */ = {isa = PBXBuildFile; fileRef = 3FAA90BE209311AE0099F734 /* UITableView+DequeueReusableCell.m */; };
		3FAA90C5209311AE0099F734 /* KKTableViewModel.m in Sources */ = {isa = PBXBuildFile; fileRef = 3FAA90C0209311AE0099F734 /* KKTableViewModel.m */; };
		3FAA90C6209311AE0099F734 /* KKTableView.m in Sources */ = {isa = PBXBuildFile; fileRef = 3FAA90C2209311AE0099F734 /* KKTableView.m */; };
		DB88CCAA602B210DF807B9E2 /* libPods-Example.a in Frameworks */ = {isa = PBXBuildFile; fileRef = 56AF9BFF5FBDBB4822B6399C /* libPods-Example.a */; };
/* End PBXBuildFile section */

/* Begin PBXFileReference section */
		1EDCE75EF0243E6166793F2F /* Pods-Example.debug.xcconfig */ = {isa = PBXFileReference; includeInIndex = 1; lastKnownFileType = text.xcconfig; name = "Pods-Example.debug.xcconfig"; path = "Pods/Target Support Files/Pods-Example/Pods-Example.debug.xcconfig"; sourceTree = "<group>"; };
		3FAA909F2092D0DB0099F734 /* Example.app */ = {isa = PBXFileReference; explicitFileType = wrapper.application; includeInIndex = 0; path = Example.app; sourceTree = BUILT_PRODUCTS_DIR; };
		3FAA90A22092D0DB0099F734 /* AppDelegate.h */ = {isa = PBXFileReference; lastKnownFileType = sourcecode.c.h; path = AppDelegate.h; sourceTree = "<group>"; };
		3FAA90A32092D0DB0099F734 /* AppDelegate.m */ = {isa = PBXFileReference; lastKnownFileType = sourcecode.c.objc; path = AppDelegate.m; sourceTree = "<group>"; };
		3FAA90A52092D0DB0099F734 /* ViewController.h */ = {isa = PBXFileReference; lastKnownFileType = sourcecode.c.h; path = ViewController.h; sourceTree = "<group>"; };
		3FAA90A62092D0DB0099F734 /* ViewController.m */ = {isa = PBXFileReference; lastKnownFileType = sourcecode.c.objc; path = ViewController.m; sourceTree = "<group>"; };
		3FAA90A92092D0DB0099F734 /* Base */ = {isa = PBXFileReference; lastKnownFileType = file.storyboard; name = Base; path = Base.lproj/Main.storyboard; sourceTree = "<group>"; };
		3FAA90AB2092D0DC0099F734 /* Assets.xcassets */ = {isa = PBXFileReference; lastKnownFileType = folder.assetcatalog; path = Assets.xcassets; sourceTree = "<group>"; };
		3FAA90AE2092D0DC0099F734 /* Base */ = {isa = PBXFileReference; lastKnownFileType = file.storyboard; name = Base; path = Base.lproj/LaunchScreen.storyboard; sourceTree = "<group>"; };
		3FAA90B02092D0DC0099F734 /* Info.plist */ = {isa = PBXFileReference; lastKnownFileType = text.plist.xml; path = Info.plist; sourceTree = "<group>"; };
		3FAA90B12092D0DC0099F734 /* main.m */ = {isa = PBXFileReference; lastKnownFileType = sourcecode.c.objc; path = main.m; sourceTree = "<group>"; };
		3FAA90BE209311AE0099F734 /* UITableView+DequeueReusableCell.m */ = {isa = PBXFileReference; fileEncoding = 4; lastKnownFileType = sourcecode.c.objc; path = "UITableView+DequeueReusableCell.m"; sourceTree = "<group>"; };
		3FAA90BF209311AE0099F734 /* KKTableView.h */ = {isa = PBXFileReference; fileEncoding = 4; lastKnownFileType = sourcecode.c.h; path = KKTableView.h; sourceTree = "<group>"; };
		3FAA90C0209311AE0099F734 /* KKTableViewModel.m */ = {isa = PBXFileReference; fileEncoding = 4; lastKnownFileType = sourcecode.c.objc; path = KKTableViewModel.m; sourceTree = "<group>"; };
		3FAA90C1209311AE0099F734 /* UITableView+DequeueReusableCell.h */ = {isa = PBXFileReference; fileEncoding = 4; lastKnownFileType = sourcecode.c.h; path = "UITableView+DequeueReusableCell.h"; sourceTree = "<group>"; };
		3FAA90C2209311AE0099F734 /* KKTableView.m */ = {isa = PBXFileReference; fileEncoding = 4; lastKnownFileType = sourcecode.c.objc; path = KKTableView.m; sourceTree = "<group>"; };
		3FAA90C3209311AE0099F734 /* KKTableViewModel.h */ = {isa = PBXFileReference; fileEncoding = 4; lastKnownFileType = sourcecode.c.h; path = KKTableViewModel.h; sourceTree = "<group>"; };
		56AF9BFF5FBDBB4822B6399C /* libPods-Example.a */ = {isa = PBXFileReference; explicitFileType = archive.ar; includeInIndex = 0; path = "libPods-Example.a"; sourceTree = BUILT_PRODUCTS_DIR; };
		D5F927D7221728EBFF68D2EC /* Pods-Example.release.xcconfig */ = {isa = PBXFileReference; includeInIndex = 1; lastKnownFileType = text.xcconfig; name = "Pods-Example.release.xcconfig"; path = "Pods/Target Support Files/Pods-Example/Pods-Example.release.xcconfig"; sourceTree = "<group>"; };
/* End PBXFileReference section */

/* Begin PBXFrameworksBuildPhase section */
		3FAA909C2092D0DB0099F734 /* Frameworks */ = {
			isa = PBXFrameworksBuildPhase;
			buildActionMask = 2147483647;
			files = (
				DB88CCAA602B210DF807B9E2 /* libPods-Example.a in Frameworks */,
			);
			runOnlyForDeploymentPostprocessing = 0;
		};
/* End PBXFrameworksBuildPhase section */

/* Begin PBXGroup section */
		3FAA90962092D0DB0099F734 = {
			isa = PBXGroup;
			children = (
				3FAA90A12092D0DB0099F734 /* Example */,
				3FAA90A02092D0DB0099F734 /* Products */,
				EE8D495615A752651626088D /* Pods */,
				D136A394F975564646EDFB79 /* Frameworks */,
			);
			sourceTree = "<group>";
		};
		3FAA90A02092D0DB0099F734 /* Products */ = {
			isa = PBXGroup;
			children = (
				3FAA909F2092D0DB0099F734 /* Example.app */,
			);
			name = Products;
			sourceTree = "<group>";
		};
		3FAA90A12092D0DB0099F734 /* Example */ = {
			isa = PBXGroup;
			children = (
				3FAA90A22092D0DB0099F734 /* AppDelegate.h */,
				3FAA90A32092D0DB0099F734 /* AppDelegate.m */,
				3FAA90A52092D0DB0099F734 /* ViewController.h */,
				3FAA90A62092D0DB0099F734 /* ViewController.m */,
				3FAA90BD209311AE0099F734 /* Pod */,
				3FAA90A82092D0DB0099F734 /* Main.storyboard */,
				3FAA90AB2092D0DC0099F734 /* Assets.xcassets */,
				3FAA90AD2092D0DC0099F734 /* LaunchScreen.storyboard */,
				3FAA90B02092D0DC0099F734 /* Info.plist */,
				3FAA90B12092D0DC0099F734 /* main.m */,
			);
			path = Example;
			sourceTree = "<group>";
		};
		3FAA90BD209311AE0099F734 /* Pod */ = {
			isa = PBXGroup;
			children = (
				3FAA90BF209311AE0099F734 /* KKTableView.h */,
				3FAA90C2209311AE0099F734 /* KKTableView.m */,
				3FAA90C3209311AE0099F734 /* KKTableViewModel.h */,
				3FAA90C0209311AE0099F734 /* KKTableViewModel.m */,
				3FAA90C1209311AE0099F734 /* UITableView+DequeueReusableCell.h */,
				3FAA90BE209311AE0099F734 /* UITableView+DequeueReusableCell.m */,
			);
			name = Pod;
			path = ../../Pod;
			sourceTree = "<group>";
		};
		D136A394F975564646EDFB79 /* Frameworks */ = {
			isa = PBXGroup;
			children = (
				56AF9BFF5FBDBB4822B6399C /* libPods-Example.a */,
			);
			name = Frameworks;
			sourceTree = "<group>";
		};
		EE8D495615A752651626088D /* Pods */ = {
			isa = PBXGroup;
			children = (
				1EDCE75EF0243E6166793F2F /* Pods-Example.debug.xcconfig */,
				D5F927D7221728EBFF68D2EC /* Pods-Example.release.xcconfig */,
			);
			name = Pods;
			sourceTree = "<group>";
		};
/* End PBXGroup section */

/* Begin PBXNativeTarget section */
		3FAA909E2092D0DB0099F734 /* Example */ = {
			isa = PBXNativeTarget;
			buildConfigurationList = 3FAA90B52092D0DC0099F734 /* Build configuration list for PBXNativeTarget "Example" */;
			buildPhases = (
				B8BCE0CDC9EF51536616BE18 /* [CP] Check Pods Manifest.lock */,
				3FAA909B2092D0DB0099F734 /* Sources */,
				3FAA909C2092D0DB0099F734 /* Frameworks */,
				3FAA909D2092D0DB0099F734 /* Resources */,
				E882867655A7D39E0CEE51AD /* [CP] Embed Pods Frameworks */,
				89ABDA0B27C30DE2B9E6BFA5 /* [CP] Copy Pods Resources */,
			);
			buildRules = (
			);
			dependencies = (
			);
			name = Example;
			productName = Example;
			productReference = 3FAA909F2092D0DB0099F734 /* Example.app */;
			productType = "com.apple.product-type.application";
		};
/* End PBXNativeTarget section */

/* Begin PBXProject section */
		3FAA90972092D0DB0099F734 /* Project object */ = {
			isa = PBXProject;
			attributes = {
				LastUpgradeCheck = 0930;
				ORGANIZATIONNAME = CaiMing;
				TargetAttributes = {
					3FAA909E2092D0DB0099F734 = {
						CreatedOnToolsVersion = 9.3;
					};
				};
			};
			buildConfigurationList = 3FAA909A2092D0DB0099F734 /* Build configuration list for PBXProject "Example" */;
			compatibilityVersion = "Xcode 9.3";
			developmentRegion = en;
			hasScannedForEncodings = 0;
			knownRegions = (
				en,
				Base,
			);
			mainGroup = 3FAA90962092D0DB0099F734;
			productRefGroup = 3FAA90A02092D0DB0099F734 /* Products */;
			projectDirPath = "";
			projectRoot = "";
			targets = (
				3FAA909E2092D0DB0099F734 /* Example */,
			);
		};
/* End PBXProject section */

/* Begin PBXResourcesBuildPhase section */
		3FAA909D2092D0DB0099F734 /* Resources */ = {
			isa = PBXResourcesBuildPhase;
			buildActionMask = 2147483647;
			files = (
				3FAA90AF2092D0DC0099F734 /* LaunchScreen.storyboard in Resources */,
				3FAA90AC2092D0DC0099F734 /* Assets.xcassets in Resources */,
				3FAA90AA2092D0DB0099F734 /* Main.storyboard in Resources */,
			);
			runOnlyForDeploymentPostprocessing = 0;
		};
/* End PBXResourcesBuildPhase section */

/* Begin PBXShellScriptBuildPhase section */
		89ABDA0B27C30DE2B9E6BFA5 /* [CP] Copy Pods Resources */ = {
			isa = PBXShellScriptBuildPhase;
			buildActionMask = 2147483647;
			files = (
			);
			inputPaths = (
			);
			name = "[CP] Copy Pods Resources";
			outputPaths = (
			);
			runOnlyForDeploymentPostprocessing = 0;
			shellPath = /bin/sh;
			shellScript = "\"${SRCROOT}/Pods/Target Support Files/Pods-Example/Pods-Example-resources.sh\"\n";
			showEnvVarsInLog = 0;
		};
		B8BCE0CDC9EF51536616BE18 /* [CP] Check Pods Manifest.lock */ = {
			isa = PBXShellScriptBuildPhase;
			buildActionMask = 2147483647;
			files = (
			);
			inputPaths = (
				"${PODS_PODFILE_DIR_PATH}/Podfile.lock",
				"${PODS_ROOT}/Manifest.lock",
			);
			name = "[CP] Check Pods Manifest.lock";
			outputPaths = (
				"$(DERIVED_FILE_DIR)/Pods-Example-checkManifestLockResult.txt",
			);
			runOnlyForDeploymentPostprocessing = 0;
			shellPath = /bin/sh;
			shellScript = "diff \"${PODS_PODFILE_DIR_PATH}/Podfile.lock\" \"${PODS_ROOT}/Manifest.lock\" > /dev/null\nif [ $? != 0 ] ; then\n    # print error to STDERR\n    echo \"error: The sandbox is not in sync with the Podfile.lock. Run 'pod install' or update your CocoaPods installation.\" >&2\n    exit 1\nfi\n# This output is used by Xcode 'outputs' to avoid re-running this script phase.\necho \"SUCCESS\" > \"${SCRIPT_OUTPUT_FILE_0}\"\n";
			showEnvVarsInLog = 0;
		};
		E882867655A7D39E0CEE51AD /* [CP] Embed Pods Frameworks */ = {
			isa = PBXShellScriptBuildPhase;
			buildActionMask = 2147483647;
			files = (
			);
			inputPaths = (
			);
			name = "[CP] Embed Pods Frameworks";
			outputPaths = (
			);
			runOnlyForDeploymentPostprocessing = 0;
			shellPath = /bin/sh;
			shellScript = "\"${SRCROOT}/Pods/Target Support Files/Pods-Example/Pods-Example-frameworks.sh\"\n";
			showEnvVarsInLog = 0;
		};
/* End PBXShellScriptBuildPhase section */

/* Begin PBXSourcesBuildPhase section */
		3FAA909B2092D0DB0099F734 /* Sources */ = {
			isa = PBXSourcesBuildPhase;
			buildActionMask = 2147483647;
			files = (
				3FAA90C5209311AE0099F734 /* KKTableViewModel.m in Sources */,
				3FAA90A72092D0DB0099F734 /* ViewController.m in Sources */,
				3FAA90B22092D0DC0099F734 /* main.m in Sources */,
				3FAA90C6209311AE0099F734 /* KKTableView.m in Sources */,
				3FAA90A42092D0DB0099F734 /* AppDelegate.m in Sources */,
				3FAA90C4209311AE0099F734 /* UITableView+DequeueReusableCell.m in Sources */,
			);
			runOnlyForDeploymentPostprocessing = 0;
		};
/* End PBXSourcesBuildPhase section */

/* Begin PBXVariantGroup section */
		3FAA90A82092D0DB0099F734 /* Main.storyboard */ = {
			isa = PBXVariantGroup;
			children = (
				3FAA90A92092D0DB0099F734 /* Base */,
			);
			name = Main.storyboard;
			sourceTree = "<group>";
		};
		3FAA90AD2092D0DC0099F734 /* LaunchScreen.storyboard */ = {
			isa = PBXVariantGroup;
			children = (
				3FAA90AE2092D0DC0099F734 /* Base */,
			);
			name = LaunchScreen.storyboard;
			sourceTree = "<group>";
		};
/* End PBXVariantGroup section */

/* Begin XCBuildConfiguration section */
		3FAA90B32092D0DC0099F734 /* Debug */ = {
			isa = XCBuildConfiguration;
			buildSettings = {
				ALWAYS_SEARCH_USER_PATHS = NO;
				CLANG_ANALYZER_NONNULL = YES;
				CLANG_ANALYZER_NUMBER_OBJECT_CONVERSION = YES_AGGRESSIVE;
				CLANG_CXX_LANGUAGE_STANDARD = "gnu++14";
				CLANG_CXX_LIBRARY = "libc++";
				CLANG_ENABLE_MODULES = YES;
				CLANG_ENABLE_OBJC_ARC = YES;
				CLANG_ENABLE_OBJC_WEAK = YES;
				CLANG_WARN_BLOCK_CAPTURE_AUTORELEASING = YES;
				CLANG_WARN_BOOL_CONVERSION = YES;
				CLANG_WARN_COMMA = YES;
				CLANG_WARN_CONSTANT_CONVERSION = YES;
				CLANG_WARN_DEPRECATED_OBJC_IMPLEMENTATIONS = YES;
				CLANG_WARN_DIRECT_OBJC_ISA_USAGE = YES_ERROR;
				CLANG_WARN_DOCUMENTATION_COMMENTS = YES;
				CLANG_WARN_EMPTY_BODY = YES;
				CLANG_WARN_ENUM_CONVERSION = YES;
				CLANG_WARN_INFINITE_RECURSION = YES;
				CLANG_WARN_INT_CONVERSION = YES;
				CLANG_WARN_NON_LITERAL_NULL_CONVERSION = YES;
				CLANG_WARN_OBJC_IMPLICIT_RETAIN_SELF = YES;
				CLANG_WARN_OBJC_LITERAL_CONVERSION = YES;
				CLANG_WARN_OBJC_ROOT_CLASS = YES_ERROR;
				CLANG_WARN_RANGE_LOOP_ANALYSIS = YES;
				CLANG_WARN_STRICT_PROTOTYPES = YES;
				CLANG_WARN_SUSPICIOUS_MOVE = YES;
				CLANG_WARN_UNGUARDED_AVAILABILITY = YES_AGGRESSIVE;
				CLANG_WARN_UNREACHABLE_CODE = YES;
				CLANG_WARN__DUPLICATE_METHOD_MATCH = YES;
				CODE_SIGN_IDENTITY = "iPhone Developer";
				COPY_PHASE_STRIP = NO;
				DEBUG_INFORMATION_FORMAT = dwarf;
				ENABLE_STRICT_OBJC_MSGSEND = YES;
				ENABLE_TESTABILITY = YES;
				GCC_C_LANGUAGE_STANDARD = gnu11;
				GCC_DYNAMIC_NO_PIC = NO;
				GCC_NO_COMMON_BLOCKS = YES;
				GCC_OPTIMIZATION_LEVEL = 0;
				GCC_PREPROCESSOR_DEFINITIONS = (
					"DEBUG=1",
					"$(inherited)",
				);
				GCC_WARN_64_TO_32_BIT_CONVERSION = YES;
				GCC_WARN_ABOUT_RETURN_TYPE = YES_ERROR;
				GCC_WARN_UNDECLARED_SELECTOR = YES;
				GCC_WARN_UNINITIALIZED_AUTOS = YES_AGGRESSIVE;
				GCC_WARN_UNUSED_FUNCTION = YES;
				GCC_WARN_UNUSED_VARIABLE = YES;
				IPHONEOS_DEPLOYMENT_TARGET = 9.0;
				MTL_ENABLE_DEBUG_INFO = YES;
				ONLY_ACTIVE_ARCH = YES;
				SDKROOT = iphoneos;
			};
			name = Debug;
		};
		3FAA90B42092D0DC0099F734 /* Release */ = {
			isa = XCBuildConfiguration;
			buildSettings = {
				ALWAYS_SEARCH_USER_PATHS = NO;
				CLANG_ANALYZER_NONNULL = YES;
				CLANG_ANALYZER_NUMBER_OBJECT_CONVERSION = YES_AGGRESSIVE;
				CLANG_CXX_LANGUAGE_STANDARD = "gnu++14";
				CLANG_CXX_LIBRARY = "libc++";
				CLANG_ENABLE_MODULES = YES;
				CLANG_ENABLE_OBJC_ARC = YES;
				CLANG_ENABLE_OBJC_WEAK = YES;
				CLANG_WARN_BLOCK_CAPTURE_AUTORELEASING = YES;
				CLANG_WARN_BOOL_CONVERSION = YES;
				CLANG_WARN_COMMA = YES;
				CLANG_WARN_CONSTANT_CONVERSION = YES;
				CLANG_WARN_DEPRECATED_OBJC_IMPLEMENTATIONS = YES;
				CLANG_WARN_DIRECT_OBJC_ISA_USAGE = YES_ERROR;
				CLANG_WARN_DOCUMENTATION_COMMENTS = YES;
				CLANG_WARN_EMPTY_BODY = YES;
				CLANG_WARN_ENUM_CONVERSION = YES;
				CLANG_WARN_INFINITE_RECURSION = YES;
				CLANG_WARN_INT_CONVERSION = YES;
				CLANG_WARN_NON_LITERAL_NULL_CONVERSION = YES;
				CLANG_WARN_OBJC_IMPLICIT_RETAIN_SELF = YES;
				CLANG_WARN_OBJC_LITERAL_CONVERSION = YES;
				CLANG_WARN_OBJC_ROOT_CLASS = YES_ERROR;
				CLANG_WARN_RANGE_LOOP_ANALYSIS = YES;
				CLANG_WARN_STRICT_PROTOTYPES = YES;
				CLANG_WARN_SUSPICIOUS_MOVE = YES;
				CLANG_WARN_UNGUARDED_AVAILABILITY = YES_AGGRESSIVE;
				CLANG_WARN_UNREACHABLE_CODE = YES;
				CLANG_WARN__DUPLICATE_METHOD_MATCH = YES;
				CODE_SIGN_IDENTITY = "iPhone Developer";
				COPY_PHASE_STRIP = NO;
				DEBUG_INFORMATION_FORMAT = "dwarf-with-dsym";
				ENABLE_NS_ASSERTIONS = NO;
				ENABLE_STRICT_OBJC_MSGSEND = YES;
				GCC_C_LANGUAGE_STANDARD = gnu11;
				GCC_NO_COMMON_BLOCKS = YES;
				GCC_WARN_64_TO_32_BIT_CONVERSION = YES;
				GCC_WARN_ABOUT_RETURN_TYPE = YES_ERROR;
				GCC_WARN_UNDECLARED_SELECTOR = YES;
				GCC_WARN_UNINITIALIZED_AUTOS = YES_AGGRESSIVE;
				GCC_WARN_UNUSED_FUNCTION = YES;
				GCC_WARN_UNUSED_VARIABLE = YES;
				IPHONEOS_DEPLOYMENT_TARGET = 9.0;
				MTL_ENABLE_DEBUG_INFO = NO;
				SDKROOT = iphoneos;
				VALIDATE_PRODUCT = YES;
			};
			name = Release;
		};
		3FAA90B62092D0DC0099F734 /* Debug */ = {
			isa = XCBuildConfiguration;
			baseConfigurationReference = 1EDCE75EF0243E6166793F2F /* Pods-Example.debug.xcconfig */;
			buildSettings = {
				ASSETCATALOG_COMPILER_APPICON_NAME = AppIcon;
				CODE_SIGN_STYLE = Automatic;
				DEVELOPMENT_TEAM = B6HKS5LFNQ;
				INFOPLIST_FILE = Example/Info.plist;
				LD_RUNPATH_SEARCH_PATHS = (
					"$(inherited)",
					"@executable_path/Frameworks",
				);
				PRODUCT_BUNDLE_IDENTIFIER = phigo.Example;
				PRODUCT_NAME = "$(TARGET_NAME)";
				TARGETED_DEVICE_FAMILY = "1,2";
			};
			name = Debug;
		};
		3FAA90B72092D0DC0099F734 /* Release */ = {
			isa = XCBuildConfiguration;
			baseConfigurationReference = D5F927D7221728EBFF68D2EC /* Pods-Example.release.xcconfig */;
			buildSettings = {
				ASSETCATALOG_COMPILER_APPICON_NAME = AppIcon;
				CODE_SIGN_STYLE = Automatic;
				DEVELOPMENT_TEAM = B6HKS5LFNQ;
				INFOPLIST_FILE = Example/Info.plist;
				LD_RUNPATH_SEARCH_PATHS = (
					"$(inherited)",
					"@executable_path/Frameworks",
				);
				PRODUCT_BUNDLE_IDENTIFIER = phigo.Example;
				PRODUCT_NAME = "$(TARGET_NAME)";
				TARGETED_DEVICE_FAMILY = "1,2";
			};
			name = Release;
		};
/* End XCBuildConfiguration section */

/* Begin XCConfigurationList section */
		3FAA909A2092D0DB0099F734 /* Build configuration list for PBXProject "Example" */ = {
			isa = XCConfigurationList;
			buildConfigurations = (
				3FAA90B32092D0DC0099F734 /* Debug */,
				3FAA90B42092D0DC0099F734 /* Release */,
			);
			defaultConfigurationIsVisible = 0;
			defaultConfigurationName = Release;
		};
		3FAA90B52092D0DC0099F734 /* Build configuration list for PBXNativeTarget "Example" */ = {
			isa = XCConfigurationList;
			buildConfigurations = (
				3FAA90B62092D0DC0099F734 /* Debug */,
				3FAA90B72092D0DC0099F734 /* Release */,
			);
			defaultConfigurationIsVisible = 0;
			defaultConfigurationName = Release;
		};
/* End XCConfigurationList section */
	};
	rootObject = 3FAA90972092D0DB0099F734 /* Project object */;
}
